
Microsoft Visual Studio Solution File, Format Version 12.00
Project("{FAE04EC0-301F-11D3-BF4B-00C04F79EFBC}") = "DashPlus", "DashPlus\DashPlus.csproj", "{516C2A31-A3B6-45C9-BE20-64F14F39B1AC}"
EndProject
Global
	GlobalSection(SolutionConfigurationPlatforms) = preSolution
		Debug|Any CPU = Debug|Any CPU
		Release|Any CPU = Release|Any CPU
	EndGlobalSection
	GlobalSection(ProjectConfigurationPlatforms) = postSolution
		{516C2A31-A3B6-45C9-BE20-64F14F39B1AC}.Debug|Any CPU.ActiveCfg = Debug|Any CPU
		{516C2A31-A3B6-45C9-BE20-64F14F39B1AC}.Debug|Any CPU.Build.0 = Debug|Any CPU
		{516C2A31-A3B6-45C9-BE20-64F14F39B1AC}.Release|Any CPU.ActiveCfg = Release|Any CPU
		{516C2A31-A3B6-45C9-BE20-64F14F39B1AC}.Release|Any CPU.Build.0 = Release|Any CPU
	EndGlobalSection
EndGlobal
